<?xml version="1.0" encoding="utf-8"?>
<Project ToolsVersion="4.0" xmlns="http://schemas.microsoft.com/developer/msbuild/2003">
  <ItemGroup>
    <Filter Include="Source Files">
      <UniqueIdentifier>{4FC737F1-C7A5-4376-A066-2A32D752A2FF}</UniqueIdentifier>
      <Extensions>cpp;c;cc;cxx;def;odl;idl;hpj;bat;asm;asmx</Extensions>
    </Filter>
    <Filter Include="Header Files">
      <UniqueIdentifier>{93995380-89BD-4b04-88EB-625FBE52EBFB}</UniqueIdentifier>
      <Extensions>h;hh;hpp;hxx;hm;inl;inc;xsd</Extensions>
    </Filter>
    <Filter Include="Header Files\Cache">
      <UniqueIdentifier>{d9418e34-6cbb-47fa-8bb6-fde00e59ca23}</UniqueIdentifier>
    </Filter>
    <Filter Include="Source Files\Cache">
      <UniqueIdentifier>{4c96966f-5a69-4e05-9db3-e6b60847ddaa}</UniqueIdentifier>
    </Filter>
    <Filter Include="Header Files\Actor">
      <UniqueIdentifier>{c692e12a-ab83-4c1c-9f0b-3c43b15f1baa}</UniqueIdentifier>
    </Filter>
    <Filter Include="Source Files\Actor">
      <UniqueIdentifier>{ccaa7e89-8225-4c5a-bc2a-25286c296952}</UniqueIdentifier>
    </Filter>
    <Filter Include="Source Files\Display">
      <UniqueIdentifier>{d66d10c4-534e-4b97-9c8d-0a0b178bfee7}</UniqueIdentifier>
    </Filter>
    <Filter Include="Header Files\Old">
      <UniqueIdentifier>{2bb0fa31-556a-437b-b3a3-126bc448b5c0}</UniqueIdentifier>
    </Filter>
    <Filter Include="Header Files\Actor\Components">
      <UniqueIdentifier>{7c5b91b4-a0be-40fb-b9a6-01b2898458ea}</UniqueIdentifier>
    </Filter>
    <Filter Include="Source Files\Actor\Components">
      <UniqueIdentifier>{a90db125-a6f0-4f7c-85d8-61582bdcc988}</UniqueIdentifier>
    </Filter>
    <Filter Include="Header Files\Processes">
      <UniqueIdentifier>{573dd2f1-4e99-48b3-ac68-45cebf9c29fd}</UniqueIdentifier>
    </Filter>
    <Filter Include="Source Files\Processes">
      <UniqueIdentifier>{c827126b-251e-4eef-b658-214c8f6de5b5}</UniqueIdentifier>
    </Filter>
    <Filter Include="Header Files\Events">
      <UniqueIdentifier>{5d3874d1-64ab-46ae-b33f-041e23e77141}</UniqueIdentifier>
    </Filter>
    <Filter Include="Resource Files">
      <UniqueIdentifier>{67DA6AB6-F800-4c08-8B7A-83BB121AAD01}</UniqueIdentifier>
      <Extensions>rc;ico;cur;bmp;dlg;rc2;rct;bin;rgs;gif;jpg;jpeg;jpe;resx;tiff;tif;png;wav</Extensions>
    </Filter>
    <Filter Include="Header Files\Mics">
      <UniqueIdentifier>{9efa8d17-1886-4359-bcfe-1c5321f3e68e}</UniqueIdentifier>
    </Filter>
    <Filter Include="Header Files\View">
      <UniqueIdentifier>{09be87c8-17cf-4ddf-ad85-bbba06809c06}</UniqueIdentifier>
    </Filter>
    <Filter Include="Header Files\View\Shader">
      <UniqueIdentifier>{a62f8dbb-8ecf-4a26-877f-f161d70c2e69}</UniqueIdentifier>
    </Filter>
    <Filter Include="Header Files\View\Scene">
      <UniqueIdentifier>{4e5112b4-fa99-4db2-917d-dd457ca77464}</UniqueIdentifier>
    </Filter>
    <Filter Include="Header Files\View\Scene\Helpers">
      <UniqueIdentifier>{aa2eeca6-640f-437f-aed0-cad182edfa9d}</UniqueIdentifier>
    </Filter>
    <Filter Include="Source Files\Mics">
      <UniqueIdentifier>{1d83beb1-3e89-4a12-97b9-e649f7d397ff}</UniqueIdentifier>
    </Filter>
  </ItemGroup>
  <ItemGroup>
    <ClInclude Include="..\source\Actor.h">
      <Filter>Header Files\Actor</Filter>
    </ClInclude>
    <ClInclude Include="..\source\ActorComponent.h">
      <Filter>Header Files\Actor</Filter>
    </ClInclude>
    <ClInclude Include="..\source\Camera.h">
      <Filter>Header Files\View</Filter>
    </ClInclude>
    <ClInclude Include="..\source\Engine.h">
      <Filter>Header Files</Filter>
    </ClInclude>
    <ClInclude Include="..\source\IComponent.h">
      <Filter>Header Files\Old</Filter>
    </ClInclude>
    <ClInclude Include="..\source\Entity.h">
      <Filter>Header Files\Old</Filter>
    </ClInclude>
    <ClInclude Include="..\source\Test.h">
      <Filter>Header Files\Old</Filter>
    </ClInclude>
    <ClInclude Include="..\source\Interfaces.h">
      <Filter>Header Files</Filter>
    </ClInclude>
    <ClInclude Include="..\source\ActorFactory.h">
      <Filter>Header Files\Actor</Filter>
    </ClInclude>
    <ClInclude Include="..\source\BeserkStd.h">
      <Filter>Header Files</Filter>
    </ClInclude>
    <ClInclude Include="..\source\ZipFile.h">
      <Filter>Header Files\Cache</Filter>
    </ClInclude>
    <ClInclude Include="..\source\ResourceCache.h">
      <Filter>Header Files\Cache</Filter>
    </ClInclude>
    <ClInclude Include="..\source\TransformComponent.h">
      <Filter>Header Files\Actor\Components</Filter>
    </ClInclude>
    <ClInclude Include="..\source\Renderer.h">
      <Filter>Header Files\View</Filter>
    </ClInclude>
    <ClInclude Include="..\source\PhysicsComponent.h">
      <Filter>Header Files\Actor\Components</Filter>
    </ClInclude>
    <ClInclude Include="..\source\Process.h">
      <Filter>Header Files\Processes</Filter>
    </ClInclude>
    <ClInclude Include="..\source\ProcessManager.h">
      <Filter>Header Files\Processes</Filter>
    </ClInclude>
    <ClInclude Include="..\source\View.h">
      <Filter>Header Files\View</Filter>
    </ClInclude>
    <ClInclude Include="..\source\Event.h">
      <Filter>Header Files\Events</Filter>
    </ClInclude>
    <ClInclude Include="..\source\EventManager.h">
      <Filter>Header Files\Events</Filter>
    </ClInclude>
    <ClInclude Include="..\source\ZipFileResource.h">
      <Filter>Header Files\Cache</Filter>
    </ClInclude>
    <ClInclude Include="..\source\Options.h">
      <Filter>Header Files\Mics</Filter>
    </ClInclude>
    <ClInclude Include="..\source\Scene.h">
      <Filter>Header Files\View\Scene</Filter>
    </ClInclude>
    <ClInclude Include="..\source\SceneNode.h">
      <Filter>Header Files\View\Scene</Filter>
    </ClInclude>
    <ClInclude Include="..\source\Shader.h">
      <Filter>Header Files\View\Shader</Filter>
    </ClInclude>
    <ClInclude Include="..\source\Material.h">
      <Filter>Header Files\View\Shader</Filter>
    </ClInclude>
    <ClInclude Include="..\source\Texture.h">
      <Filter>Header Files\View\Shader</Filter>
    </ClInclude>
    <ClInclude Include="..\source\Raycast.h">
      <Filter>Header Files\View\Scene\Helpers</Filter>
    </ClInclude>
    <ClInclude Include="..\source\AxisAllignedBox.h">
      <Filter>Header Files\View\Scene\Helpers</Filter>
    </ClInclude>
  </ItemGroup>
  <ItemGroup>
    <ClCompile Include="..\source\Engine.cpp">
      <Filter>Source Files</Filter>
    </ClCompile>
    <ClCompile Include="..\source\ZipFile.cpp">
      <Filter>Source Files\Cache</Filter>
    </ClCompile>
    <ClCompile Include="..\source\BeserkStd.cpp">
      <Filter>Source Files</Filter>
    </ClCompile>
    <ClCompile Include="..\source\Camera.cpp">
      <Filter>Source Files\Display</Filter>
    </ClCompile>
    <ClCompile Include="..\source\Renderer.cpp">
      <Filter>Source Files\Display</Filter>
    </ClCompile>
    <ClCompile Include="..\source\ActorFactory.cpp">
      <Filter>Source Files\Actor</Filter>
    </ClCompile>
    <ClCompile Include="..\source\Actor.cpp">
      <Filter>Source Files\Actor</Filter>
    </ClCompile>
    <ClCompile Include="..\source\TransformComponent.cpp">
      <Filter>Source Files\Actor\Components</Filter>
    </ClCompile>
    <ClCompile Include="..\source\PhysicsComponent.cpp">
      <Filter>Source Files\Actor\Components</Filter>
    </ClCompile>
    <ClCompile Include="..\source\Process.cpp">
      <Filter>Source Files\Processes</Filter>
    </ClCompile>
    <ClCompile Include="..\source\ProcessManager.cpp">
      <Filter>Source Files\Processes</Filter>
    </ClCompile>
    <ClCompile Include="..\source\App.cpp">
      <Filter>Source Files</Filter>
    </ClCompile>
    <ClCompile Include="..\source\ResourceCache.cpp">
      <Filter>Source Files\Cache</Filter>
    </ClCompile>
    <ClCompile Include="..\source\ZipFIleResource.cpp">
      <Filter>Source Files\Cache</Filter>
    </ClCompile>
    <ClCompile Include="..\source\Options.cpp">
      <Filter>Source Files\Mics</Filter>
    </ClCompile>
  </ItemGroup>
</Project>